
Microsoft Visual Studio Solution File, Format Version 12.00
# Visual Studio Version 16
VisualStudioVersion = 16.0.31205.134
MinimumVisualStudioVersion = 10.0.40219.1
Project("{FAE04EC0-301F-11D3-BF4B-00C04F79EFBC}") = "OdeToFood.Web", "OdeToFood.Web\OdeToFood.Web.csproj", "{AB221EDC-0BD3-4F7A-B8AA-4454A60E50A6}"
EndProject
Project("{FAE04EC0-301F-11D3-BF4B-00C04F79EFBC}") = "OdeToFood.Data", "OdeToFood.Data\OdeToFood.Data.csproj", "{3BE4ADD8-D9DE-48E3-A8AD-BDDF3B7B1F7B}"
EndProject
Global
	GlobalSection(SolutionConfigurationPlatforms) = preSolution
		Debug|Any CPU = Debug|Any CPU
		Release|Any CPU = Release|Any CPU
	EndGlobalSection
	GlobalSection(ProjectConfigurationPlatforms) = postSolution
		{AB221EDC-0BD3-4F7A-B8AA-4454A60E50A6}.Debug|Any CPU.ActiveCfg = Debug|Any CPU
		{AB221EDC-0BD3-4F7A-B8AA-4454A60E50A6}.Debug|Any CPU.Build.0 = Debug|Any CPU
		{AB221EDC-0BD3-4F7A-B8AA-4454A60E50A6}.Release|Any CPU.ActiveCfg = Release|Any CPU
		{AB221EDC-0BD3-4F7A-B8AA-4454A60E50A6}.Release|Any CPU.Build.0 = Release|Any CPU
		{3BE4ADD8-D9DE-48E3-A8AD-BDDF3B7B1F7B}.Debug|Any CPU.ActiveCfg = Debug|Any CPU
		{3BE4ADD8-D9DE-48E3-A8AD-BDDF3B7B1F7B}.Debug|Any CPU.Build.0 = Debug|Any CPU
		{3BE4ADD8-D9DE-48E3-A8AD-BDDF3B7B1F7B}.Release|Any CPU.ActiveCfg = Release|Any CPU
		{3BE4ADD8-D9DE-48E3-A8AD-BDDF3B7B1F7B}.Release|Any CPU.Build.0 = Release|Any CPU
	EndGlobalSection
	GlobalSection(SolutionProperties) = preSolution
		HideSolutionNode = FALSE
	EndGlobalSection
	GlobalSection(ExtensibilityGlobals) = postSolution
		SolutionGuid = {716DEFBB-0191-4399-B697-0E624C0F4A31}
	EndGlobalSection
EndGlobal
